Microsoft Visual Studio Solution File, Format Version 12.00
# Visual Studio Version 17
VisualStudioVersion = 17.5.2.0
MinimumVisualStudioVersion = 10.0.40219.1
Project("{FAE04EC0-301F-11D3-BF4B-00C04F79EFBC}") = ".net-AGC", ".net-AGC.csproj", "{EFB0F43C-C240-FD54-BB49-6C475E3779C7}"
EndProject
Global
	GlobalSection(SolutionConfigurationPlatforms) = preSolution
		Debug|Any CPU = Debug|Any CPU
		Release|Any CPU = Release|Any CPU
	EndGlobalSection
	GlobalSection(ProjectConfigurationPlatforms) = postSolution
		{EFB0F43C-C240-FD54-BB49-6C475E3779C7}.Debug|Any CPU.ActiveCfg = Debug|Any CPU
		{EFB0F43C-C240-FD54-BB49-6C475E3779C7}.Debug|Any CPU.Build.0 = Debug|Any CPU
		{EFB0F43C-C240-FD54-BB49-6C475E3779C7}.Release|Any CPU.ActiveCfg = Release|Any CPU
		{EFB0F43C-C240-FD54-BB49-6C475E3779C7}.Release|Any CPU.Build.0 = Release|Any CPU
	EndGlobalSection
	GlobalSection(SolutionProperties) = preSolution
		HideSolutionNode = FALSE
	EndGlobalSection
	GlobalSection(ExtensibilityGlobals) = postSolution
		SolutionGuid = {A0DA2675-5B9A-486B-BD67-C244371886DF}
	EndGlobalSection
EndGlobal
